
Microsoft Visual Studio Solution File, Format Version 12.00
# Visual Studio Version 17
VisualStudioVersion = 17.6.33815.320
MinimumVisualStudioVersion = 10.0.40219.1
Project("{FAE04EC0-301F-11D3-BF4B-00C04F79EFBC}") = "Blog.web", "Blog.web\Blog.web.csproj", "{EF14D1C8-F060-4BA6-BCFD-141F88AC87DE}"
EndProject
Global
	GlobalSection(SolutionConfigurationPlatforms) = preSolution
		Debug|Any CPU = Debug|Any CPU
		Release|Any CPU = Release|Any CPU
	EndGlobalSection
	GlobalSection(ProjectConfigurationPlatforms) = postSolution
		{EF14D1C8-F060-4BA6-BCFD-141F88AC87DE}.Debug|Any CPU.ActiveCfg = Debug|Any CPU
		{EF14D1C8-F060-4BA6-BCFD-141F88AC87DE}.Debug|Any CPU.Build.0 = Debug|Any CPU
		{EF14D1C8-F060-4BA6-BCFD-141F88AC87DE}.Release|Any CPU.ActiveCfg = Release|Any CPU
		{EF14D1C8-F060-4BA6-BCFD-141F88AC87DE}.Release|Any CPU.Build.0 = Release|Any CPU
	EndGlobalSection
	GlobalSection(SolutionProperties) = preSolution
		HideSolutionNode = FALSE
	EndGlobalSection
	GlobalSection(ExtensibilityGlobals) = postSolution
		SolutionGuid = {98265BED-E712-4104-9A71-F6F424FF4BB4}
	EndGlobalSection
EndGlobal
